
Microsoft Visual Studio Solution File, Format Version 12.00
# Visual Studio 15
VisualStudioVersion = 15.0.27703.2026
MinimumVisualStudioVersion = 10.0.40219.1
Project("{FAE04EC0-301F-11D3-BF4B-00C04F79EFBC}") = "UpAppFat", "UpAppFat\UpAppFat.csproj", "{ED0C83CA-845D-479C-B43F-78984F6ACB9B}"
EndProject
Global
	GlobalSection(SolutionConfigurationPlatforms) = preSolution
		Debug|Any CPU = Debug|Any CPU
		Release|Any CPU = Release|Any CPU
	EndGlobalSection
	GlobalSection(ProjectConfigurationPlatforms) = postSolution
		{ED0C83CA-845D-479C-B43F-78984F6ACB9B}.Debug|Any CPU.ActiveCfg = Debug|Any CPU
		{ED0C83CA-845D-479C-B43F-78984F6ACB9B}.Debug|Any CPU.Build.0 = Debug|Any CPU
		{ED0C83CA-845D-479C-B43F-78984F6ACB9B}.Release|Any CPU.ActiveCfg = Release|Any CPU
		{ED0C83CA-845D-479C-B43F-78984F6ACB9B}.Release|Any CPU.Build.0 = Release|Any CPU
	EndGlobalSection
	GlobalSection(SolutionProperties) = preSolution
		HideSolutionNode = FALSE
	EndGlobalSection
	GlobalSection(ExtensibilityGlobals) = postSolution
		SolutionGuid = {A21A2882-8854-4B8D-9463-D5380722BFAC}
	EndGlobalSection
EndGlobal
